{
  "name": "gr-mgr-be",
  "version": "1.0.0",
  "lockfileVersion": 1,
  "requires": true,
  "dependencies": {
    "@types/accepts": {
      "version": "1.3.5",
      "resolved": "https://registry.nlark.com/@types/accepts/download/@types/accepts-1.3.5.tgz",
      "integrity": "sha1-w0vsEVz8dG4E/loFnfTOfns5FXU=",
      "dev": true,
      "requires": {
        "@types/node": "*"
      }
    },
    "@types/body-parser": {
      "version": "1.19.1",
      "resolved": "https://registry.nlark.com/@types/body-parser/download/@types/body-parser-1.19.1.tgz",
      "integrity": "sha1-DAF0xCp9AXuBgwPUtdlpywt1kpw=",
      "dev": true,
      "requires": {
        "@types/connect": "*",
        "@types/node": "*"
      }
    },
    "@types/connect": {
      "version": "3.4.35",
      "resolved": "https://registry.nlark.com/@types/connect/download/@types/connect-3.4.35.tgz?cache=0&other_urls=https%3A%2F%2Fregistry.nlark.com%2F%40types%2Fconnect%2Fdownload%2F%40types%2Fconnect-3.4.35.tgz",
      "integrity": "sha1-X89q5EXkAh0fwiGaSHPMc6O7KtE=",
      "dev": true,
      "requires": {
        "@types/node": "*"
      }
    },
    "@types/content-disposition": {
      "version": "0.5.4",
      "resolved": "https://registry.nlark.com/@types/content-disposition/download/@types/content-disposition-0.5.4.tgz?cache=0&sync_timestamp=1629707011427&other_urls=https%3A%2F%2Fregistry.nlark.com%2F%40types%2Fcontent-disposition%2Fdownload%2F%40types%2Fcontent-disposition-0.5.4.tgz",
      "integrity": "sha1-3kjPAcecnxVgvP2K5DIXqwKGV/g=",
      "dev": true
    },
    "@types/cookies": {
      "version": "0.7.7",
      "resolved": "https://registry.nlark.com/@types/cookies/download/@types/cookies-0.7.7.tgz?cache=0&sync_timestamp=1629707717062&other_urls=https%3A%2F%2Fregistry.nlark.com%2F%40types%2Fcookies%2Fdownload%2F%40types%2Fcookies-0.7.7.tgz",
      "integrity": "sha1-epJFPR0WOJwFpTAe71ZvNJRs/YE=",
      "dev": true,
      "requires": {
        "@types/connect": "*",
        "@types/express": "*",
        "@types/keygrip": "*",
        "@types/node": "*"
      }
    },
    "@types/express": {
      "version": "4.17.13",
      "resolved": "https://registry.nlark.com/@types/express/download/@types/express-4.17.13.tgz?cache=0&sync_timestamp=1629707789623&other_urls=https%3A%2F%2Fregistry.nlark.com%2F%40types%2Fexpress%2Fdownload%2F%40types%2Fexpress-4.17.13.tgz",
      "integrity": "sha1-p24plXKJmbq1GjP6vOHXBaNwkDQ=",
      "dev": true,
      "requires": {
        "@types/body-parser": "*",
        "@types/express-serve-static-core": "^4.17.18",
        "@types/qs": "*",
        "@types/serve-static": "*"
      }
    },
    "@types/express-serve-static-core": {
      "version": "4.17.24",
      "resolved": "https://registry.nlark.com/@types/express-serve-static-core/download/@types/express-serve-static-core-4.17.24.tgz",
      "integrity": "sha1-6kH5O/fg1ZzVp2ZlBo7WqraBXAc=",
      "dev": true,
      "requires": {
        "@types/node": "*",
        "@types/qs": "*",
        "@types/range-parser": "*"
      }
    },
    "@types/http-assert": {
      "version": "1.5.3",
      "resolved": "https://registry.nlark.com/@types/http-assert/download/@types/http-assert-1.5.3.tgz?cache=0&other_urls=https%3A%2F%2Fregistry.nlark.com%2F%40types%2Fhttp-assert%2Fdownload%2F%40types%2Fhttp-assert-1.5.3.tgz",
      "integrity": "sha1-7449Go1Gw4fwSrDy6KuMsMUHhmE=",
      "dev": true
    },
    "@types/http-errors": {
      "version": "1.8.1",
      "resolved": "https://registry.nlark.com/@types/http-errors/download/@types/http-errors-1.8.1.tgz?cache=0&sync_timestamp=1629708183534&other_urls=https%3A%2F%2Fregistry.nlark.com%2F%40types%2Fhttp-errors%2Fdownload%2F%40types%2Fhttp-errors-1.8.1.tgz",
      "integrity": "sha1-6BrSimC+4DKMbSOE4Cmuxibxrmc=",
      "dev": true
    },
    "@types/keygrip": {
      "version": "1.0.2",
      "resolved": "https://registry.nlark.com/@types/keygrip/download/@types/keygrip-1.0.2.tgz",
      "integrity": "sha1-UTq/0lbXrQvx7hhzYGMXszsbKnI=",
      "dev": true
    },
    "@types/koa": {
      "version": "2.13.4",
      "resolved": "https://registry.nlark.com/@types/koa/download/@types/koa-2.13.4.tgz?cache=0&sync_timestamp=1629708153595&other_urls=https%3A%2F%2Fregistry.nlark.com%2F%40types%2Fkoa%2Fdownload%2F%40types%2Fkoa-2.13.4.tgz",
      "integrity": "sha1-EGILPySoAn71y66Is5PRsxIFcms=",
      "dev": true,
      "requires": {
        "@types/accepts": "*",
        "@types/content-disposition": "*",
        "@types/cookies": "*",
        "@types/http-assert": "*",
        "@types/http-errors": "*",
        "@types/keygrip": "*",
        "@types/koa-compose": "*",
        "@types/node": "*"
      }
    },
    "@types/koa-compose": {
      "version": "3.2.5",
      "resolved": "https://registry.nlark.com/@types/koa-compose/download/@types/koa-compose-3.2.5.tgz?cache=0&sync_timestamp=1629708153574&other_urls=https%3A%2F%2Fregistry.nlark.com%2F%40types%2Fkoa-compose%2Fdownload%2F%40types%2Fkoa-compose-3.2.5.tgz",
      "integrity": "sha1-hesugKxQvpXzfM+MQHwJu+NGjp0=",
      "dev": true,
      "requires": {
        "@types/koa": "*"
      }
    },
    "@types/mime": {
      "version": "1.3.2",
      "resolved": "https://registry.nlark.com/@types/mime/download/@types/mime-1.3.2.tgz?cache=0&sync_timestamp=1629708296476&other_urls=https%3A%2F%2Fregistry.nlark.com%2F%40types%2Fmime%2Fdownload%2F%40types%2Fmime-1.3.2.tgz",
      "integrity": "sha1-k+Jb+e51/g/YC1lLxP6w6GIRG1o=",
      "dev": true
    },
    "@types/node": {
      "version": "16.11.6",
      "resolved": "https://registry.npmmirror.com/@types/node/download/@types/node-16.11.6.tgz?cache=0&sync_timestamp=1635213425908&other_urls=https%3A%2F%2Fregistry.npmmirror.com%2F%40types%2Fnode%2Fdownload%2F%40types%2Fnode-16.11.6.tgz",
      "integrity": "sha1-a+96KgrWhM9ukPz+Mc7KvZzgo64="
    },
    "@types/qs": {
      "version": "6.9.7",
      "resolved": "https://registry.nlark.com/@types/qs/download/@types/qs-6.9.7.tgz",
      "integrity": "sha1-Y7t9Bn2xB8weRXwwO8JdUR/r9ss=",
      "dev": true
    },
    "@types/range-parser": {
      "version": "1.2.4",
      "resolved": "https://registry.nlark.com/@types/range-parser/download/@types/range-parser-1.2.4.tgz",
      "integrity": "sha1-zWZ7z90CUhOq+3ylkVqTJZCs3Nw=",
      "dev": true
    },
    "@types/serve-static": {
      "version": "1.13.10",
      "resolved": "https://registry.nlark.com/@types/serve-static/download/@types/serve-static-1.13.10.tgz?cache=0&sync_timestamp=1629709187133&other_urls=https%3A%2F%2Fregistry.nlark.com%2F%40types%2Fserve-static%2Fdownload%2F%40types%2Fserve-static-1.13.10.tgz",
      "integrity": "sha1-9eDOh5fS18xevtpIpSyWxPpHqNk=",
      "dev": true,
      "requires": {
        "@types/mime": "^1",
        "@types/node": "*"
      }
    },
    "@types/webidl-conversions": {
      "version": "6.1.1",
      "resolved": "https://registry.nlark.com/@types/webidl-conversions/download/@types/webidl-conversions-6.1.1.tgz?cache=0&sync_timestamp=1629710507943&other_urls=https%3A%2F%2Fregistry.nlark.com%2F%40types%2Fwebidl-conversions%2Fdownload%2F%40types%2Fwebidl-conversions-6.1.1.tgz",
      "integrity": "sha1-4zvI6oEqAfY/kEgcZmM0hEsSoJ4="
    },
    "@types/whatwg-url": {
      "version": "8.2.1",
      "resolved": "https://registry.nlark.com/@types/whatwg-url/download/@types/whatwg-url-8.2.1.tgz",
      "integrity": "sha1-8arCItq3xZ4BFmOgywoxF7LvBdQ=",
      "requires": {
        "@types/node": "*",
        "@types/webidl-conversions": "*"
      }
    },
    "accepts": {
      "version": "1.3.7",
      "resolved": "https://registry.npm.taobao.org/accepts/download/accepts-1.3.7.tgz",
      "integrity": "sha1-UxvHJlF6OytB+FACHGzBXqq1B80=",
      "requires": {
        "mime-types": "~2.1.24",
        "negotiator": "0.6.2"
      }
    },
    "base64-js": {
      "version": "1.5.1",
      "resolved": "https://registry.nlark.com/base64-js/download/base64-js-1.5.1.tgz",
      "integrity": "sha1-GxtEAWClv3rUC2UPCVljSBkDkwo="
    },
    "bson": {
      "version": "4.5.3",
      "resolved": "https://registry.npmmirror.com/bson/download/bson-4.5.3.tgz",
      "integrity": "sha1-3jeDs1ekB9k1UQvrH7soX+9DuwY=",
      "requires": {
        "buffer": "^5.6.0"
      }
    },
    "buffer": {
      "version": "5.7.1",
      "resolved": "https://registry.nlark.com/buffer/download/buffer-5.7.1.tgz",
      "integrity": "sha1-umLnwTEzBTWCGXFghRqPZI6Z7tA=",
      "requires": {
        "base64-js": "^1.3.1",
        "ieee754": "^1.1.13"
      }
    },
    "cache-content-type": {
      "version": "1.0.1",
      "resolved": "https://registry.nlark.com/cache-content-type/download/cache-content-type-1.0.1.tgz",
      "integrity": "sha1-A1zeKwjuISn0qDFeqPAKANuhRTw=",
      "requires": {
        "mime-types": "^2.1.18",
        "ylru": "^1.2.0"
      }
    },
    "co": {
      "version": "4.6.0",
      "resolved": "https://registry.nlark.com/co/download/co-4.6.0.tgz?cache=0&sync_timestamp=1618847008095&other_urls=https%3A%2F%2Fregistry.nlark.com%2Fco%2Fdownload%2Fco-4.6.0.tgz",
      "integrity": "sha1-bqa989hTrlTMuOR7+gvz+QMfsYQ="
    },
    "content-disposition": {
      "version": "0.5.3",
      "resolved": "https://registry.npm.taobao.org/content-disposition/download/content-disposition-0.5.3.tgz",
      "integrity": "sha1-4TDK9+cnkIfFYWwgB9BIVpiYT70=",
      "requires": {
        "safe-buffer": "5.1.2"
      }
    },
    "content-type": {
      "version": "1.0.4",
      "resolved": "https://registry.npm.taobao.org/content-type/download/content-type-1.0.4.tgz",
      "integrity": "sha1-4TjMdeBAxyexlm/l5fjJruJW/js="
    },
    "cookies": {
      "version": "0.8.0",
      "resolved": "https://registry.npm.taobao.org/cookies/download/cookies-0.8.0.tgz",
      "integrity": "sha1-EpPOSzkXQKhAbjyYcOgoxLVPP5A=",
      "requires": {
        "depd": "~2.0.0",
        "keygrip": "~1.1.0"
      }
    },
    "debug": {
      "version": "4.3.2",
      "resolved": "https://registry.nlark.com/debug/download/debug-4.3.2.tgz",
      "integrity": "sha1-8KScGKyHeeMdSgxgKd+3aHPHQos=",
      "requires": {
        "ms": "2.1.2"
      }
    },
    "deep-equal": {
      "version": "1.0.1",
      "resolved": "https://registry.nlark.com/deep-equal/download/deep-equal-1.0.1.tgz",
      "integrity": "sha1-9dJgKStmDghO/0zbyfCK0yR0SLU="
    },
    "delegates": {
      "version": "1.0.0",
      "resolved": "https://registry.nlark.com/delegates/download/delegates-1.0.0.tgz",
      "integrity": "sha1-hMbhWbgZBP3KWaDvRM2HDTElD5o="
    },
    "denque": {
      "version": "2.0.1",
      "resolved": "https://registry.nlark.com/denque/download/denque-2.0.1.tgz",
      "integrity": "sha1-vO9MG4DcMu/pdRV0TyGkIpq4k0o="
    },
    "depd": {
      "version": "2.0.0",
      "resolved": "https://registry.nlark.com/depd/download/depd-2.0.0.tgz",
      "integrity": "sha1-tpYWPMdXVg0JzyLMj60Vcbeedt8="
    },
    "destroy": {
      "version": "1.0.4",
      "resolved": "https://registry.nlark.com/destroy/download/destroy-1.0.4.tgz",
      "integrity": "sha1-l4hXRCxEdJ5CBmE+N5RiBYJqvYA="
    },
    "ee-first": {
      "version": "1.1.1",
      "resolved": "https://registry.nlark.com/ee-first/download/ee-first-1.1.1.tgz",
      "integrity": "sha1-WQxhFWsK4vTwJVcyoViyZrxWsh0="
    },
    "encodeurl": {
      "version": "1.0.2",
      "resolved": "https://registry.npm.taobao.org/encodeurl/download/encodeurl-1.0.2.tgz",
      "integrity": "sha1-rT/0yG7C0CkyL1oCw6mmBslbP1k="
    },
    "escape-html": {
      "version": "1.0.3",
      "resolved": "https://registry.nlark.com/escape-html/download/escape-html-1.0.3.tgz",
      "integrity": "sha1-Aljq5NPQwJdN4cFpGI7wBR0dGYg="
    },
    "fresh": {
      "version": "0.5.2",
      "resolved": "https://registry.nlark.com/fresh/download/fresh-0.5.2.tgz?cache=0&sync_timestamp=1618846949012&other_urls=https%3A%2F%2Fregistry.nlark.com%2Ffresh%2Fdownload%2Ffresh-0.5.2.tgz",
      "integrity": "sha1-PYyt2Q2XZWn6g1qx+OSyOhBWBac="
    },
    "has-symbols": {
      "version": "1.0.2",
      "resolved": "https://registry.nlark.com/has-symbols/download/has-symbols-1.0.2.tgz",
      "integrity": "sha1-Fl0wcMADCXUqEjakeTMeOsVvFCM="
    },
    "has-tostringtag": {
      "version": "1.0.0",
      "resolved": "https://registry.nlark.com/has-tostringtag/download/has-tostringtag-1.0.0.tgz?cache=0&sync_timestamp=1628197490246&other_urls=https%3A%2F%2Fregistry.nlark.com%2Fhas-tostringtag%2Fdownload%2Fhas-tostringtag-1.0.0.tgz",
      "integrity": "sha1-fhM4GKfTlHNPlB5zw9P5KR5liyU=",
      "requires": {
        "has-symbols": "^1.0.2"
      }
    },
    "http-assert": {
      "version": "1.5.0",
      "resolved": "https://registry.nlark.com/http-assert/download/http-assert-1.5.0.tgz?cache=0&other_urls=https%3A%2F%2Fregistry.nlark.com%2Fhttp-assert%2Fdownload%2Fhttp-assert-1.5.0.tgz",
      "integrity": "sha1-w4nM2HrBbtLfpiRv1zuSaqAOa48=",
      "requires": {
        "deep-equal": "~1.0.1",
        "http-errors": "~1.8.0"
      }
    },
    "http-errors": {
      "version": "1.8.0",
      "resolved": "https://registry.nlark.com/http-errors/download/http-errors-1.8.0.tgz",
      "integrity": "sha1-ddG75JfhBE9R5O6ecEpi8o0zZQc=",
      "requires": {
        "depd": "~1.1.2",
        "inherits": "2.0.4",
        "setprototypeof": "1.2.0",
        "statuses": ">= 1.5.0 < 2",
        "toidentifier": "1.0.0"
      },
      "dependencies": {
        "depd": {
          "version": "1.1.2",
          "resolved": "https://registry.nlark.com/depd/download/depd-1.1.2.tgz",
          "integrity": "sha1-m81S4UwJd2PnSbJ0xDRu0uVgtak="
        }
      }
    },
    "ieee754": {
      "version": "1.2.1",
      "resolved": "https://registry.npm.taobao.org/ieee754/download/ieee754-1.2.1.tgz",
      "integrity": "sha1-jrehCmP/8l0VpXsAFYbRd9Gw01I="
    },
    "inherits": {
      "version": "2.0.4",
      "resolved": "https://registry.npm.taobao.org/inherits/download/inherits-2.0.4.tgz",
      "integrity": "sha1-D6LGT5MpF8NDOg3tVTY6rjdBa3w="
    },
    "is-generator-function": {
      "version": "1.0.10",
      "resolved": "https://registry.nlark.com/is-generator-function/download/is-generator-function-1.0.10.tgz?cache=0&sync_timestamp=1628227708148&other_urls=https%3A%2F%2Fregistry.nlark.com%2Fis-generator-function%2Fdownload%2Fis-generator-function-1.0.10.tgz",
      "integrity": "sha1-8VWLrxrBfg3up8BBXEODUf8rPHI=",
      "requires": {
        "has-tostringtag": "^1.0.0"
      }
    },
    "kareem": {
      "version": "2.3.2",
      "resolved": "https://registry.npm.taobao.org/kareem/download/kareem-2.3.2.tgz",
      "integrity": "sha1-eMRQiJSYW404oNwV4ajhEHjyypM="
    },
    "keygrip": {
      "version": "1.1.0",
      "resolved": "https://registry.npm.taobao.org/keygrip/download/keygrip-1.1.0.tgz",
      "integrity": "sha1-hxsWgdXhWcYqRFsMdLYV4JF+ciY=",
      "requires": {
        "tsscmp": "1.0.6"
      }
    },
    "koa": {
      "version": "2.13.4",
      "resolved": "https://registry.npmmirror.com/koa/download/koa-2.13.4.tgz?cache=0&sync_timestamp=1634623957508&other_urls=https%3A%2F%2Fregistry.npmmirror.com%2Fkoa%2Fdownload%2Fkoa-2.13.4.tgz",
      "integrity": "sha1-7lsMs54LgGnDjRFROcd0gz0yRi4=",
      "requires": {
        "accepts": "^1.3.5",
        "cache-content-type": "^1.0.0",
        "content-disposition": "~0.5.2",
        "content-type": "^1.0.4",
        "cookies": "~0.8.0",
        "debug": "^4.3.2",
        "delegates": "^1.0.0",
        "depd": "^2.0.0",
        "destroy": "^1.0.4",
        "encodeurl": "^1.0.2",
        "escape-html": "^1.0.3",
        "fresh": "~0.5.2",
        "http-assert": "^1.3.0",
        "http-errors": "^1.6.3",
        "is-generator-function": "^1.0.7",
        "koa-compose": "^4.1.0",
        "koa-convert": "^2.0.0",
        "on-finished": "^2.3.0",
        "only": "~0.0.2",
        "parseurl": "^1.3.2",
        "statuses": "^1.5.0",
        "type-is": "^1.6.16",
        "vary": "^1.1.2"
      }
    },
    "koa-compose": {
      "version": "4.1.0",
      "resolved": "https://registry.nlark.com/koa-compose/download/koa-compose-4.1.0.tgz",
      "integrity": "sha1-UHMGuTcZAdtBEhyBLpI9DWfT6Hc="
    },
    "koa-convert": {
      "version": "2.0.0",
      "resolved": "https://registry.npm.taobao.org/koa-convert/download/koa-convert-2.0.0.tgz",
      "integrity": "sha1-hqDETYHUBVG64i/uZwmQRXPupPU=",
      "requires": {
        "co": "^4.6.0",
        "koa-compose": "^4.1.0"
      }
    },
    "media-typer": {
      "version": "0.3.0",
      "resolved": "https://registry.nlark.com/media-typer/download/media-typer-0.3.0.tgz",
      "integrity": "sha1-hxDXrwqmJvj/+hzgAWhUUmMlV0g="
    },
    "memory-pager": {
      "version": "1.5.0",
      "resolved": "https://registry.npm.taobao.org/memory-pager/download/memory-pager-1.5.0.tgz",
      "integrity": "sha1-2HUWVdItOEaCdByXLyw9bfo+ZrU=",
      "optional": true
    },
    "mime-db": {
      "version": "1.50.0",
      "resolved": "https://registry.nlark.com/mime-db/download/mime-db-1.50.0.tgz",
      "integrity": "sha1-q9SslOmNPA4YUBbGerRdX95AwR8="
    },
    "mime-types": {
      "version": "2.1.33",
      "resolved": "https://registry.npmmirror.com/mime-types/download/mime-types-2.1.33.tgz",
      "integrity": "sha1-H6EqkERy+v0GjkjZ6EAfdNP3Dts=",
      "requires": {
        "mime-db": "1.50.0"
      }
    },
    "mongodb": {
      "version": "4.1.3",
      "resolved": "https://registry.npmmirror.com/mongodb/download/mongodb-4.1.3.tgz",
      "integrity": "sha1-i/JNeCuj84MyAfTmCwMH2HmAunE=",
      "requires": {
        "bson": "^4.5.2",
        "denque": "^2.0.1",
        "mongodb-connection-string-url": "^2.0.0",
        "saslprep": "^1.0.3"
      }
    },
    "mongodb-connection-string-url": {
      "version": "2.1.0",
      "resolved": "https://registry.nlark.com/mongodb-connection-string-url/download/mongodb-connection-string-url-2.1.0.tgz",
      "integrity": "sha1-nFIsEcN/Vx/s3csmesSnbvQyrrc=",
      "requires": {
        "@types/whatwg-url": "^8.2.1",
        "whatwg-url": "^9.1.0"
      }
    },
    "mongoose": {
      "version": "6.0.12",
      "resolved": "https://registry.npmmirror.com/mongoose/download/mongoose-6.0.12.tgz?cache=0&other_urls=https%3A%2F%2Fregistry.npmmirror.com%2Fmongoose%2Fdownload%2Fmongoose-6.0.12.tgz",
      "integrity": "sha1-oicn1Syp6c45ljMLiVr+XN51rzw=",
      "requires": {
        "bson": "^4.2.2",
        "kareem": "2.3.2",
        "mongodb": "4.1.3",
        "mpath": "0.8.4",
        "mquery": "4.0.0",
        "ms": "2.1.2",
        "regexp-clone": "1.0.0",
        "sift": "13.5.2",
        "sliced": "1.0.1"
      }
    },
    "mpath": {
      "version": "0.8.4",
      "resolved": "https://registry.nlark.com/mpath/download/mpath-0.8.4.tgz",
      "integrity": "sha1-a1ZtlYFiHZ6THdOxQu02GOdZkxM="
    },
    "mquery": {
      "version": "4.0.0",
      "resolved": "https://registry.nlark.com/mquery/download/mquery-4.0.0.tgz?cache=0&sync_timestamp=1629843085938&other_urls=https%3A%2F%2Fregistry.nlark.com%2Fmquery%2Fdownload%2Fmquery-4.0.0.tgz",
      "integrity": "sha1-bGIWCtJSiemeCECQd1fN/WK953U=",
      "requires": {
        "debug": "4.x",
        "regexp-clone": "^1.0.0",
        "sliced": "1.0.1"
      }
    },
    "ms": {
      "version": "2.1.2",
      "resolved": "https://registry.npmmirror.com/ms/download/ms-2.1.2.tgz",
      "integrity": "sha1-0J0fNXtEP0kzgqjrPM0YOHKuYAk="
    },
    "negotiator": {
      "version": "0.6.2",
      "resolved": "https://registry.npm.taobao.org/negotiator/download/negotiator-0.6.2.tgz",
      "integrity": "sha1-/qz3zPUlp3rpY0Q2pkiD/+yjRvs="
    },
    "on-finished": {
      "version": "2.3.0",
      "resolved": "https://registry.nlark.com/on-finished/download/on-finished-2.3.0.tgz",
      "integrity": "sha1-IPEzZIGwg811M3mSoWlxqi2QaUc=",
      "requires": {
        "ee-first": "1.1.1"
      }
    },
    "only": {
      "version": "0.0.2",
      "resolved": "https://registry.npm.taobao.org/only/download/only-0.0.2.tgz",
      "integrity": "sha1-Kv3oTQPlC5qO3EROMGEKcCle37Q="
    },
    "parseurl": {
      "version": "1.3.3",
      "resolved": "https://registry.npm.taobao.org/parseurl/download/parseurl-1.3.3.tgz",
      "integrity": "sha1-naGee+6NEt/wUT7Vt2lXeTvC6NQ="
    },
    "punycode": {
      "version": "2.1.1",
      "resolved": "https://registry.npm.taobao.org/punycode/download/punycode-2.1.1.tgz",
      "integrity": "sha1-tYsBCsQMIsVldhbI0sLALHv0eew="
    },
    "regexp-clone": {
      "version": "1.0.0",
      "resolved": "https://registry.npm.taobao.org/regexp-clone/download/regexp-clone-1.0.0.tgz",
      "integrity": "sha1-Ii25Z2IydwViYLmSYmNUoEzpv2M="
    },
    "safe-buffer": {
      "version": "5.1.2",
      "resolved": "https://registry.nlark.com/safe-buffer/download/safe-buffer-5.1.2.tgz",
      "integrity": "sha1-mR7GnSluAxN0fVm9/St0XDX4go0="
    },
    "saslprep": {
      "version": "1.0.3",
      "resolved": "https://registry.npm.taobao.org/saslprep/download/saslprep-1.0.3.tgz",
      "integrity": "sha1-TAL5RrVs9UKX40e6EJPnrKxM8iY=",
      "optional": true,
      "requires": {
        "sparse-bitfield": "^3.0.3"
      }
    },
    "setprototypeof": {
      "version": "1.2.0",
      "resolved": "https://registry.npm.taobao.org/setprototypeof/download/setprototypeof-1.2.0.tgz",
      "integrity": "sha1-ZsmiSnP5/CjL5msJ/tPTPcrxtCQ="
    },
    "sift": {
      "version": "13.5.2",
      "resolved": "https://registry.npmmirror.com/sift/download/sift-13.5.2.tgz",
      "integrity": "sha1-JKcV4TxhewhhZs0EkX0gSlkcnaY="
    },
    "sliced": {
      "version": "1.0.1",
      "resolved": "https://registry.npm.taobao.org/sliced/download/sliced-1.0.1.tgz",
      "integrity": "sha1-CzpmK10Ewxd7GSa+qCsD+Dei70E="
    },
    "sparse-bitfield": {
      "version": "3.0.3",
      "resolved": "https://registry.nlark.com/sparse-bitfield/download/sparse-bitfield-3.0.3.tgz",
      "integrity": "sha1-/0rm5oZWBWuks+eSqzM004JzyhE=",
      "optional": true,
      "requires": {
        "memory-pager": "^1.0.2"
      }
    },
    "statuses": {
      "version": "1.5.0",
      "resolved": "https://registry.nlark.com/statuses/download/statuses-1.5.0.tgz",
      "integrity": "sha1-Fhx9rBd2Wf2YEfQ3cfqZOBR4Yow="
    },
    "toidentifier": {
      "version": "1.0.0",
      "resolved": "https://registry.nlark.com/toidentifier/download/toidentifier-1.0.0.tgz",
      "integrity": "sha1-fhvjRw8ed5SLxD2Uo8j013UrpVM="
    },
    "tr46": {
      "version": "2.1.0",
      "resolved": "https://registry.npmmirror.com/tr46/download/tr46-2.1.0.tgz",
      "integrity": "sha1-+oeqgcpdWUHajL8fm3SdyWmk4kA=",
      "requires": {
        "punycode": "^2.1.1"
      }
    },
    "tsscmp": {
      "version": "1.0.6",
      "resolved": "https://registry.npm.taobao.org/tsscmp/download/tsscmp-1.0.6.tgz",
      "integrity": "sha1-hbmVg6w1iexL/vgltQAKqRHWBes="
    },
    "type-is": {
      "version": "1.6.18",
      "resolved": "https://registry.npm.taobao.org/type-is/download/type-is-1.6.18.tgz",
      "integrity": "sha1-TlUs0F3wlGfcvE73Od6J8s83wTE=",
      "requires": {
        "media-typer": "0.3.0",
        "mime-types": "~2.1.24"
      }
    },
    "vary": {
      "version": "1.1.2",
      "resolved": "https://registry.nlark.com/vary/download/vary-1.1.2.tgz",
      "integrity": "sha1-IpnwLG3tMNSllhsLn3RSShj2NPw="
    },
    "webidl-conversions": {
      "version": "6.1.0",
      "resolved": "https://registry.nlark.com/webidl-conversions/download/webidl-conversions-6.1.0.tgz",
      "integrity": "sha1-kRG01+qArNQPUnDWZmIa+ni2lRQ="
    },
    "whatwg-url": {
      "version": "9.1.0",
      "resolved": "https://registry.npmmirror.com/whatwg-url/download/whatwg-url-9.1.0.tgz?cache=0&sync_timestamp=1634673865107&other_urls=https%3A%2F%2Fregistry.npmmirror.com%2Fwhatwg-url%2Fdownload%2Fwhatwg-url-9.1.0.tgz",
      "integrity": "sha1-GxEs8jfXLNZPp4grnD9iNKHDBQ0=",
      "requires": {
        "tr46": "^2.1.0",
        "webidl-conversions": "^6.1.0"
      }
    },
    "ylru": {
      "version": "1.2.1",
      "resolved": "https://registry.npm.taobao.org/ylru/download/ylru-1.2.1.tgz",
      "integrity": "sha1-9Xa2M0FUeYnB3nuiiHYJI7J/6E8="
    }
  }
}
